
Microsoft Visual Studio Solution File, Format Version 12.00
# Visual Studio Version 17
VisualStudioVersion = 17.0.32014.148
MinimumVisualStudioVersion = 10.0.40219.1
Project("{FAE04EC0-301F-11D3-BF4B-00C04F79EFBC}") = "demo", "demo\demo.csproj", "{FADD285F-5F09-4C78-B015-88870F118CB6}"
EndProject
Global
	GlobalSection(SolutionConfigurationPlatforms) = preSolution
		Debug|Any CPU = Debug|Any CPU
		Release|Any CPU = Release|Any CPU
	EndGlobalSection
	GlobalSection(ProjectConfigurationPlatforms) = postSolution
		{FADD285F-5F09-4C78-B015-88870F118CB6}.Debug|Any CPU.ActiveCfg = Debug|Any CPU
		{FADD285F-5F09-4C78-B015-88870F118CB6}.Debug|Any CPU.Build.0 = Debug|Any CPU
		{FADD285F-5F09-4C78-B015-88870F118CB6}.Release|Any CPU.ActiveCfg = Release|Any CPU
		{FADD285F-5F09-4C78-B015-88870F118CB6}.Release|Any CPU.Build.0 = Release|Any CPU
	EndGlobalSection
	GlobalSection(SolutionProperties) = preSolution
		HideSolutionNode = FALSE
	EndGlobalSection
	GlobalSection(ExtensibilityGlobals) = postSolution
		SolutionGuid = {35B362F0-DCA2-446E-8B99-0F1C34E5CAE8}
	EndGlobalSection
EndGlobal
